
Microsoft Visual Studio Solution File, Format Version 12.00
# Visual Studio Version 17
VisualStudioVersion = 17.8.34511.84
MinimumVisualStudioVersion = 10.0.40219.1
Project("{FAE04EC0-301F-11D3-BF4B-00C04F79EFBC}") = "EComerce.Server", "EComerce.Server\EComerce.Server.csproj", "{3CED3731-207A-489E-A437-18C591A069A6}"
EndProject
Project("{54A90642-561A-4BB1-A94E-469ADEE60C69}") = "ecomerce.client", "ecomerce.client\ecomerce.client.esproj", "{276ED6B7-6477-44D9-9CC2-1FD409C4AD1F}"
EndProject
Global
	GlobalSection(SolutionConfigurationPlatforms) = preSolution
		Debug|Any CPU = Debug|Any CPU
		Release|Any CPU = Release|Any CPU
	EndGlobalSection
	GlobalSection(ProjectConfigurationPlatforms) = postSolution
		{3CED3731-207A-489E-A437-18C591A069A6}.Debug|Any CPU.ActiveCfg = Debug|Any CPU
		{3CED3731-207A-489E-A437-18C591A069A6}.Debug|Any CPU.Build.0 = Debug|Any CPU
		{3CED3731-207A-489E-A437-18C591A069A6}.Release|Any CPU.ActiveCfg = Release|Any CPU
		{3CED3731-207A-489E-A437-18C591A069A6}.Release|Any CPU.Build.0 = Release|Any CPU
		{276ED6B7-6477-44D9-9CC2-1FD409C4AD1F}.Debug|Any CPU.ActiveCfg = Debug|Any CPU
		{276ED6B7-6477-44D9-9CC2-1FD409C4AD1F}.Debug|Any CPU.Build.0 = Debug|Any CPU
		{276ED6B7-6477-44D9-9CC2-1FD409C4AD1F}.Debug|Any CPU.Deploy.0 = Debug|Any CPU
		{276ED6B7-6477-44D9-9CC2-1FD409C4AD1F}.Release|Any CPU.ActiveCfg = Release|Any CPU
		{276ED6B7-6477-44D9-9CC2-1FD409C4AD1F}.Release|Any CPU.Build.0 = Release|Any CPU
		{276ED6B7-6477-44D9-9CC2-1FD409C4AD1F}.Release|Any CPU.Deploy.0 = Release|Any CPU
	EndGlobalSection
	GlobalSection(SolutionProperties) = preSolution
		HideSolutionNode = FALSE
	EndGlobalSection
	GlobalSection(ExtensibilityGlobals) = postSolution
		SolutionGuid = {B3AA68AC-6CC8-45F6-9552-40B569F5DE6B}
	EndGlobalSection
EndGlobal
